{
  "nodes": {
    "devshell": {
      "inputs": {
        "nixpkgs": "nixpkgs"
      },
      "locked": {
        "lastModified": 1764011051,
        "narHash": "sha256-M7SZyPZiqZUR/EiiBJnmyUbOi5oE/03tCeFrTiUZchI=",
        "owner": "numtide",
        "repo": "devshell",
        "rev": "17ed8d9744ebe70424659b0ef74ad6d41fc87071",
        "type": "github"
      },
      "original": {
        "owner": "numtide",
        "repo": "devshell",
        "type": "github"
      }
    },
    "flake-parts": {
      "inputs": {
        "nixpkgs-lib": "nixpkgs-lib"
      },
      "locked": {
        "lastModified": 1765835352,
        "narHash": "sha256-XswHlK/Qtjasvhd1nOa1e8MgZ8GS//jBoTqWtrS1Giw=",
        "owner": "hercules-ci",
        "repo": "flake-parts",
        "rev": "a34fae9c08a15ad73f295041fec82323541400a9",
        "type": "github"
      },
      "original": {
        "owner": "hercules-ci",
        "repo": "flake-parts",
        "type": "github"
      }
    },
    "nixpkgs": {
      "locked": {
        "lastModified": 1762156382,
        "narHash": "sha256-Yg7Ag7ov5+36jEFC1DaZh/12SEXo6OO3/8rqADRxiqs=",
        "owner": "NixOS",
        "repo": "nixpkgs",
        "rev": "7241bcbb4f099a66aafca120d37c65e8dda32717",
        "type": "github"
      },
      "original": {
        "owner": "NixOS",
        "ref": "nixpkgs-unstable",
        "repo": "nixpkgs",
        "type": "github"
      }
    },
    "nixpkgs-lib": {
      "locked": {
        "lastModified": 1765674936,
        "narHash": "sha256-k00uTP4JNfmejrCLJOwdObYC9jHRrr/5M/a/8L2EIdo=",
        "owner": "nix-community",
        "repo": "nixpkgs.lib",
        "rev": "2075416fcb47225d9b68ac469a5c4801a9c4dd85",
        "type": "github"
      },
      "original": {
        "owner": "nix-community",
        "repo": "nixpkgs.lib",
        "type": "github"
      }
    },
    "nixpkgs_2": {
      "locked": {
        "lastModified": 1766473571,
        "narHash": "sha256-5G1NDO2PulBx1RoaA6U1YoUDX0qZslpPxv+n5GX6Qto=",
        "owner": "nixos",
        "repo": "nixpkgs",
        "rev": "76701a179d3a98b07653e2b0409847499b2a07d3",
        "type": "github"
      },
      "original": {
        "owner": "nixos",
        "ref": "nixos-25.11",
        "repo": "nixpkgs",
        "type": "github"
      }
    },
    "nixpkgs_3": {
      "locked": {
        "lastModified": 1761236834,
        "narHash": "sha256-+pthv6hrL5VLW2UqPdISGuLiUZ6SnAXdd2DdUE+fV2Q=",
        "owner": "nixos",
        "repo": "nixpkgs",
        "rev": "d5faa84122bc0a1fd5d378492efce4e289f8eac1",
        "type": "github"
      },
      "original": {
        "owner": "nixos",
        "ref": "nixpkgs-unstable",
        "repo": "nixpkgs",
        "type": "github"
      }
    },
    "root": {
      "inputs": {
        "devshell": "devshell",
        "flake-parts": "flake-parts",
        "nixpkgs": "nixpkgs_2",
        "treefmt-nix": "treefmt-nix"
      }
    },
    "treefmt-nix": {
      "inputs": {
        "nixpkgs": "nixpkgs_3"
      },
      "locked": {
        "lastModified": 1766000401,
        "narHash": "sha256-+cqN4PJz9y0JQXfAK5J1drd0U05D5fcAGhzhfVrDlsI=",
        "owner": "numtide",
        "repo": "treefmt-nix",
        "rev": "42d96e75aa56a3f70cab7e7dc4a32868db28e8fd",
        "type": "github"
      },
      "original": {
        "owner": "numtide",
        "repo": "treefmt-nix",
        "type": "github"
      }
    }
  },
  "root": "root",
  "version": 7
}
