{
  "nodes": {
    "blockinfile": {
      "flake": false,
      "locked": {
        "lastModified": 1761260260,
        "narHash": "sha256-pa5FBcIJzIFVZcR4m/v9PZZ+xyQBhHOUVe8A3lmBA8w=",
        "owner": "dustinsand",
        "repo": "blockinfile",
        "rev": "5c3e2e7ee2c6d86ddafc8b004efad9c9915a3574",
        "type": "github"
      },
      "original": {
        "owner": "dustinsand",
        "ref": "v0.1.11",
        "repo": "blockinfile",
        "type": "github"
      }
    },
    "codegen": {
      "inputs": {
        "flake-parts": [
          "flake-parts"
        ],
        "nixpkgs": [
          "nixpkgs"
        ],
        "systems": [
          "systems"
        ],
        "treefmt-nix": [
          "treefmt-nix"
        ]
      },
      "locked": {
        "lastModified": 1785717581,
        "narHash": "sha256-sROzLPXx5k1eOV3y+58E96bsSNi0GeW7rfo8HzCQv9Y=",
        "owner": "anteriorcore",
        "repo": "codegen",
        "rev": "d43a7dcd84ee67b87504e4fbd02ef49e743b6c2a",
        "type": "github"
      },
      "original": {
        "owner": "anteriorcore",
        "repo": "codegen",
        "type": "github"
      }
    },
    "devshell": {
      "inputs": {
        "nixpkgs": [
          "nixpkgs"
        ]
      },
      "locked": {
        "lastModified": 1768818222,
        "narHash": "sha256-460jc0+CZfyaO8+w8JNtlClB2n4ui1RbHfPTLkpwhU8=",
        "owner": "numtide",
        "repo": "devshell",
        "rev": "255a2b1725a20d060f566e4755dbf571bbbb5f76",
        "type": "github"
      },
      "original": {
        "owner": "numtide",
        "repo": "devshell",
        "type": "github"
      }
    },
    "flake-compat": {
      "flake": false,
      "locked": {
        "lastModified": 1747046372,
        "narHash": "sha256-CIVLLkVgvHYbgI2UpXvIIBJ12HWgX+fjA8Xf8PUmqCY=",
        "owner": "edolstra",
        "repo": "flake-compat",
        "rev": "9100a0f413b0c601e0533d1d94ffd501ce2e7885",
        "type": "github"
      },
      "original": {
        "owner": "edolstra",
        "repo": "flake-compat",
        "type": "github"
      }
    },
    "flake-parts": {
      "inputs": {
        "nixpkgs-lib": [
          "nixpkgs"
        ]
      },
      "locked": {
        "lastModified": 1785627969,
        "narHash": "sha256-4dtXQk/NMePegK/nWp5NSeuZKLATItOq61lpEvmXqGw=",
        "owner": "hercules-ci",
        "repo": "flake-parts",
        "rev": "427bf4bd9435fdf21321c8cc628c24efc14c0f7a",
        "type": "github"
      },
      "original": {
        "owner": "hercules-ci",
        "repo": "flake-parts",
        "type": "github"
      }
    },
    "flake-utils": {
      "inputs": {
        "systems": "systems"
      },
      "locked": {
        "lastModified": 1731533236,
        "narHash": "sha256-l0KFg5HjrsfsO/JpG+r7fRrqm12kzFHyUHqHCVpMMbI=",
        "owner": "numtide",
        "repo": "flake-utils",
        "rev": "11707dc2f618dd54ca8739b309ec4fc024de578b",
        "type": "github"
      },
      "original": {
        "owner": "numtide",
        "repo": "flake-utils",
        "type": "github"
      }
    },
    "globset": {
      "inputs": {
        "nixpkgs-lib": "nixpkgs-lib"
      },
      "locked": {
        "lastModified": 1756146523,
        "narHash": "sha256-dn8WNgwVQe0xBJ/d4CiRRcEVSgNclG6WSbqFEf6V024=",
        "owner": "pdtpartners",
        "repo": "globset",
        "rev": "62da8904981f01dc7c97f56c3ea4f131a8393411",
        "type": "github"
      },
      "original": {
        "owner": "pdtpartners",
        "repo": "globset",
        "type": "github"
      }
    },
    "gradle2nix": {
      "inputs": {
        "flake-utils": "flake-utils",
        "nixpkgs": [
          "nixpkgs"
        ]
      },
      "locked": {
        "lastModified": 1776964134,
        "narHash": "sha256-SmvDfQCVr1GP14ctLC3fpGiYgtFcadpSaZo/NW/YvBs=",
        "owner": "oyasaiserver",
        "repo": "gradle2nix",
        "rev": "60210e068d75df560aea7f5827d7fd8212c860fb",
        "type": "github"
      },
      "original": {
        "owner": "oyasaiserver",
        "ref": "v2",
        "repo": "gradle2nix",
        "type": "github"
      }
    },
    "mc-monitor": {
      "flake": false,
      "locked": {
        "lastModified": 1785691747,
        "narHash": "sha256-LTkJ80vpiOKdP+dy8cG5cCecrjJHy4FL5eUbiv536Y4=",
        "owner": "itzg",
        "repo": "mc-monitor",
        "rev": "57a076fa2e5281e13662eafd5b085755e167fd5b",
        "type": "github"
      },
      "original": {
        "owner": "itzg",
        "repo": "mc-monitor",
        "type": "github"
      }
    },
    "nix-minecraft": {
      "inputs": {
        "flake-compat": "flake-compat",
        "nixpkgs": [
          "nixpkgs"
        ],
        "systems": [
          "systems"
        ]
      },
      "locked": {
        "lastModified": 1785768359,
        "narHash": "sha256-HVa98KZb9o2kCEOVnExvRZa+E/6xMMY1/MrftQRoSHo=",
        "owner": "infinidoge",
        "repo": "nix-minecraft",
        "rev": "881b304f5b6d50ddd3812b22cc96bc1bc99f353e",
        "type": "github"
      },
      "original": {
        "owner": "infinidoge",
        "ref": "pull/230/merge",
        "repo": "nix-minecraft",
        "type": "github"
      }
    },
    "nixpkgs": {
      "locked": {
        "lastModified": 1785599192,
        "narHash": "sha256-dg4RTtDxnXY13UkJNdhmgTUTl0n/IJBlCigfO7nutZw=",
        "owner": "nixos",
        "repo": "nixpkgs",
        "rev": "6d65bfc1bcef2ef39a239d38e577e92a89fb0f07",
        "type": "github"
      },
      "original": {
        "owner": "nixos",
        "ref": "nixos-26.05",
        "repo": "nixpkgs",
        "type": "github"
      }
    },
    "nixpkgs-lib": {
      "locked": {
        "lastModified": 1754788789,
        "narHash": "sha256-x2rJ+Ovzq0sCMpgfgGaaqgBSwY+LST+WbZ6TytnT9Rk=",
        "owner": "nix-community",
        "repo": "nixpkgs.lib",
        "rev": "a73b9c743612e4244d865a2fdee11865283c04e6",
        "type": "github"
      },
      "original": {
        "owner": "nix-community",
        "repo": "nixpkgs.lib",
        "type": "github"
      }
    },
    "nixpkgs-terraform-providers-bin": {
      "inputs": {
        "nixpkgs": [
          "nixpkgs"
        ]
      },
      "locked": {
        "lastModified": 1785635663,
        "narHash": "sha256-zvaoF3XOuuIosBpLjCNIpZAlxACvI1Kulm2g/6KH98k=",
        "owner": "nix-community",
        "repo": "nixpkgs-terraform-providers-bin",
        "rev": "a8e680dceda90c5f2a41cdd0d2a2d4a801088760",
        "type": "github"
      },
      "original": {
        "owner": "nix-community",
        "repo": "nixpkgs-terraform-providers-bin",
        "type": "github"
      }
    },
    "package-lock2nix": {
      "inputs": {
        "flake-parts": [
          "flake-parts"
        ],
        "globset": "globset",
        "nixpkgs": [
          "nixpkgs"
        ],
        "systems": [
          "systems"
        ],
        "treefmt-nix": [
          "treefmt-nix"
        ]
      },
      "locked": {
        "lastModified": 1785265864,
        "narHash": "sha256-bjzVAyDzoHdxPeF3+PjxQD3GOrQyIgXzKhzNrvNc+Fc=",
        "owner": "anteriorcore",
        "repo": "package-lock2nix",
        "rev": "b987caebd0ee63dedf0dce4b21b0ea7892ff190b",
        "type": "github"
      },
      "original": {
        "owner": "anteriorcore",
        "repo": "package-lock2nix",
        "type": "github"
      }
    },
    "root": {
      "inputs": {
        "codegen": "codegen",
        "devshell": "devshell",
        "flake-parts": "flake-parts",
        "gradle2nix": "gradle2nix",
        "mc-monitor": "mc-monitor",
        "nix-minecraft": "nix-minecraft",
        "nixpkgs": "nixpkgs",
        "nixpkgs-terraform-providers-bin": "nixpkgs-terraform-providers-bin",
        "package-lock2nix": "package-lock2nix",
        "systems": "systems_2",
        "tools": "tools",
        "treefmt-nix": "treefmt-nix"
      }
    },
    "systems": {
      "locked": {
        "lastModified": 1681028828,
        "narHash": "sha256-Vy1rq5AaRuLzOxct8nz4T6wlgyUR7zLU309k9mBC768=",
        "owner": "nix-systems",
        "repo": "default",
        "rev": "da67096a3b9bf56a91d16901293e51ba5b49a27e",
        "type": "github"
      },
      "original": {
        "owner": "nix-systems",
        "repo": "default",
        "type": "github"
      }
    },
    "systems_2": {
      "locked": {
        "lastModified": 1776166891,
        "narHash": "sha256-bI8yrEGjrohR5hkQox7UrxDH7XqrYMwI8SL/LrJ1+S8=",
        "owner": "nix-systems",
        "repo": "triplet",
        "rev": "6de7bc09397911ce03636afbcf6118745ab2cda0",
        "type": "github"
      },
      "original": {
        "owner": "nix-systems",
        "repo": "triplet",
        "type": "github"
      }
    },
    "tools": {
      "inputs": {
        "blockinfile": "blockinfile",
        "flake-parts": [
          "flake-parts"
        ],
        "nixpkgs": [
          "nixpkgs"
        ],
        "systems": [
          "systems"
        ],
        "treefmt-nix": [
          "treefmt-nix"
        ]
      },
      "locked": {
        "lastModified": 1785529597,
        "narHash": "sha256-xuYax/SDXYbgniP4cJlcBdiPuap1+wLd5PGZw0LfvFY=",
        "owner": "anteriorcore",
        "repo": "tools",
        "rev": "bd669c7f5de482d2e7889e3fc2f54b574aed8591",
        "type": "github"
      },
      "original": {
        "owner": "anteriorcore",
        "repo": "tools",
        "type": "github"
      }
    },
    "treefmt-nix": {
      "inputs": {
        "nixpkgs": [
          "nixpkgs"
        ]
      },
      "locked": {
        "lastModified": 1785360170,
        "narHash": "sha256-XE1lKgQ3eIO3E7zWryqcRsax+mYXod/5RHBn4YaR9YE=",
        "owner": "numtide",
        "repo": "treefmt-nix",
        "rev": "d1187f8bc71fb8aab02395869ec3f5c1920f75c0",
        "type": "github"
      },
      "original": {
        "owner": "numtide",
        "repo": "treefmt-nix",
        "type": "github"
      }
    }
  },
  "root": "root",
  "version": 7
}
