{
  "name": "@oyasaiserver/plugin-registry",
  "lockfileVersion": 3,
  "requires": true,
  "packages": {
    "": {
      "name": "@oyasaiserver/plugin-registry",
      "bin": {
        "plugin-registry-download-helper": "scripts/download-helper.ts"
      },
      "devDependencies": {
        "@types/node": "25.0.3",
        "@xmcl/modrinth": "2.5.0",
        "typescript": "5.9.3"
      }
    },
    "node_modules/@types/node": {
      "version": "25.0.3",
      "dev": true,
      "license": "MIT",
      "dependencies": {
        "undici-types": "~7.16.0"
      }
    },
    "node_modules/@xmcl/modrinth": {
      "version": "2.5.0",
      "dev": true,
      "license": "MIT",
      "dependencies": {
        "undici": "7.2.3"
      },
      "engines": {
        "node": ">=16.4"
      }
    },
    "node_modules/typescript": {
      "version": "5.9.3",
      "dev": true,
      "license": "Apache-2.0",
      "bin": {
        "tsc": "bin/tsc",
        "tsserver": "bin/tsserver"
      },
      "engines": {
        "node": ">=14.17"
      }
    },
    "node_modules/undici": {
      "version": "7.2.3",
      "dev": true,
      "license": "MIT",
      "engines": {
        "node": ">=20.18.1"
      }
    },
    "node_modules/undici-types": {
      "version": "7.16.0",
      "dev": true,
      "license": "MIT"
    }
  }
}
